// !$*UTF8*$!
{
	archiveVersion = 1;
	classes = {
	};
	objectVersion = 46;
	objects = {

/* Begin PBXBuildFile section */
		5EEEAEC617FC8DC1007A2BFE /* QuartzCore.framework in Frameworks */ = {isa = PBXBuildFile; fileRef = 5EEEAEC517FC8DC1007A2BFE /* QuartzCore.framework */; };
		5EEEAEC817FC99E6007A2BFE /* bg01.png in Resources */ = {isa = PBXBuildFile; fileRef = 5EEEAEC717FC99E6007A2BFE /* bg01.png */; };
		5EEEAED017FEE6C7007A2BFE /* card_top.png in Resources */ = {isa = PBXBuildFile; fileRef = 5EEEAEC917FEE6C7007A2BFE /* card_top.png */; };
		5EEEAED117FEE6C7007A2BFE /* card1.png in Resources */ = {isa = PBXBuildFile; fileRef = 5EEEAECA17FEE6C7007A2BFE /* card1.png */; };
		5EEEAED217FEE6C7007A2BFE /* card2.png in Resources */ = {isa = PBXBuildFile; fileRef = 5EEEAECB17FEE6C7007A2BFE /* card2.png */; };
		5EEEAED317FEE6C7007A2BFE /* card3.png in Resources */ = {isa = PBXBuildFile; fileRef = 5EEEAECC17FEE6C7007A2BFE /* card3.png */; };
		5EEEAED417FEE6C7007A2BFE /* card4.png in Resources */ = {isa = PBXBuildFile; fileRef = 5EEEAECD17FEE6C7007A2BFE /* card4.png */; };
		5EEEAED517FEE6C7007A2BFE /* card6.png in Resources */ = {isa = PBXBuildFile; fileRef = 5EEEAECE17FEE6C7007A2BFE /* card6.png */; };
		5EEEAED617FEE6C7007A2BFE /* card5.png in Resources */ = {isa = PBXBuildFile; fileRef = 5EEEAECF17FEE6C7007A2BFE /* card5.png */; };
		5EEEAED818034E20007A2BFE /* AVFoundation.framework in Frameworks */ = {isa = PBXBuildFile; fileRef = 5EEEAED718034E20007A2BFE /* AVFoundation.framework */; };
		5EEEAEDA18044A80007A2BFE /* MozCD5-01.mp3 in Resources */ = {isa = PBXBuildFile; fileRef = 5EEEAED918044A80007A2BFE /* MozCD5-01.mp3 */; };
		5EEEAEDC1804565A007A2BFE /* soundFlip.mp3 in Resources */ = {isa = PBXBuildFile; fileRef = 5EEEAEDB1804565A007A2BFE /* soundFlip.mp3 */; };
		5EF6933017F74AEA0090B9FE /* Foundation.framework in Frameworks */ = {isa = PBXBuildFile; fileRef = 5EF6932F17F74AEA0090B9FE /* Foundation.framework */; };
		5EF6933217F74AEA0090B9FE /* CoreGraphics.framework in Frameworks */ = {isa = PBXBuildFile; fileRef = 5EF6933117F74AEA0090B9FE /* CoreGraphics.framework */; };
		5EF6933417F74AEA0090B9FE /* UIKit.framework in Frameworks */ = {isa = PBXBuildFile; fileRef = 5EF6933317F74AEA0090B9FE /* UIKit.framework */; };
		5EF6933A17F74AEA0090B9FE /* InfoPlist.strings in Resources */ = {isa = PBXBuildFile; fileRef = 5EF6933817F74AEA0090B9FE /* InfoPlist.strings */; };
		5EF6933C17F74AEA0090B9FE /* main.m in Sources */ = {isa = PBXBuildFile; fileRef = 5EF6933B17F74AEA0090B9FE /* main.m */; };
		5EF6934017F74AEA0090B9FE /* AppDelegate.m in Sources */ = {isa = PBXBuildFile; fileRef = 5EF6933F17F74AEA0090B9FE /* AppDelegate.m */; };
		5EF6934617F74AEA0090B9FE /* ViewController.m in Sources */ = {isa = PBXBuildFile; fileRef = 5EF6934517F74AEA0090B9FE /* ViewController.m */; };
		5EF6934817F74AEA0090B9FE /* Images.xcassets in Resources */ = {isa = PBXBuildFile; fileRef = 5EF6934717F74AEA0090B9FE /* Images.xcassets */; };
		5EF6934F17F74AEA0090B9FE /* XCTest.framework in Frameworks */ = {isa = PBXBuildFile; fileRef = 5EF6934E17F74AEA0090B9FE /* XCTest.framework */; };
		5EF6935017F74AEA0090B9FE /* Foundation.framework in Frameworks */ = {isa = PBXBuildFile; fileRef = 5EF6932F17F74AEA0090B9FE /* Foundation.framework */; };
		5EF6935117F74AEA0090B9FE /* UIKit.framework in Frameworks */ = {isa = PBXBuildFile; fileRef = 5EF6933317F74AEA0090B9FE /* UIKit.framework */; };
		5EF6935917F74AEA0090B9FE /* InfoPlist.strings in Resources */ = {isa = PBXBuildFile; fileRef = 5EF6935717F74AEA0090B9FE /* InfoPlist.strings */; };
		5EF6935B17F74AEA0090B9FE /* TrainingMemoryTests.m in Sources */ = {isa = PBXBuildFile; fileRef = 5EF6935A17F74AEA0090B9FE /* TrainingMemoryTests.m */; };
/* End PBXBuildFile section */

/* Begin PBXContainerItemProxy section */
		5EF6935217F74AEA0090B9FE /* PBXContainerItemProxy */ = {
			isa = PBXContainerItemProxy;
			containerPortal = 5EF6932417F74AEA0090B9FE /* Project object */;
			proxyType = 1;
			remoteGlobalIDString = 5EF6932B17F74AEA0090B9FE;
			remoteInfo = TrainingMemory;
		};
/* End PBXContainerItemProxy section */

/* Begin PBXFileReference section */
		5EEEAEC517FC8DC1007A2BFE /* QuartzCore.framework */ = {isa = PBXFileReference; lastKnownFileType = wrapper.framework; name = QuartzCore.framework; path = System/Library/Frameworks/QuartzCore.framework; sourceTree = SDKROOT; };
		5EEEAEC717FC99E6007A2BFE /* bg01.png */ = {isa = PBXFileReference; lastKnownFileType = image.png; path = bg01.png; sourceTree = "<group>"; };
		5EEEAEC917FEE6C7007A2BFE /* card_top.png */ = {isa = PBXFileReference; lastKnownFileType = image.png; path = card_top.png; sourceTree = "<group>"; };
		5EEEAECA17FEE6C7007A2BFE /* card1.png */ = {isa = PBXFileReference; lastKnownFileType = image.png; path = card1.png; sourceTree = "<group>"; };
		5EEEAECB17FEE6C7007A2BFE /* card2.png */ = {isa = PBXFileReference; lastKnownFileType = image.png; path = card2.png; sourceTree = "<group>"; };
		5EEEAECC17FEE6C7007A2BFE /* card3.png */ = {isa = PBXFileReference; lastKnownFileType = image.png; path = card3.png; sourceTree = "<group>"; };
		5EEEAECD17FEE6C7007A2BFE /* card4.png */ = {isa = PBXFileReference; lastKnownFileType = image.png; path = card4.png; sourceTree = "<group>"; };
		5EEEAECE17FEE6C7007A2BFE /* card6.png */ = {isa = PBXFileReference; lastKnownFileType = image.png; path = card6.png; sourceTree = "<group>"; };
		5EEEAECF17FEE6C7007A2BFE /* card5.png */ = {isa = PBXFileReference; lastKnownFileType = image.png; path = card5.png; sourceTree = "<group>"; };
		5EEEAED718034E20007A2BFE /* AVFoundation.framework */ = {isa = PBXFileReference; lastKnownFileType = wrapper.framework; name = AVFoundation.framework; path = System/Library/Frameworks/AVFoundation.framework; sourceTree = SDKROOT; };
		5EEEAED918044A80007A2BFE /* MozCD5-01.mp3 */ = {isa = PBXFileReference; lastKnownFileType = audio.mp3; path = "MozCD5-01.mp3"; sourceTree = "<group>"; };
		5EEEAEDB1804565A007A2BFE /* soundFlip.mp3 */ = {isa = PBXFileReference; lastKnownFileType = audio.mp3; path = soundFlip.mp3; sourceTree = "<group>"; };
		5EF6932C17F74AEA0090B9FE /* TrainingMemory.app */ = {isa = PBXFileReference; explicitFileType = wrapper.application; includeInIndex = 0; path = TrainingMemory.app; sourceTree = BUILT_PRODUCTS_DIR; };
		5EF6932F17F74AEA0090B9FE /* Foundation.framework */ = {isa = PBXFileReference; lastKnownFileType = wrapper.framework; name = Foundation.framework; path = System/Library/Frameworks/Foundation.framework; sourceTree = SDKROOT; };
		5EF6933117F74AEA0090B9FE /* CoreGraphics.framework */ = {isa = PBXFileReference; lastKnownFileType = wrapper.framework; name = CoreGraphics.framework; path = System/Library/Frameworks/CoreGraphics.framework; sourceTree = SDKROOT; };
		5EF6933317F74AEA0090B9FE /* UIKit.framework */ = {isa = PBXFileReference; lastKnownFileType = wrapper.framework; name = UIKit.framework; path = System/Library/Frameworks/UIKit.framework; sourceTree = SDKROOT; };
		5EF6933717F74AEA0090B9FE /* TrainingMemory-Info.plist */ = {isa = PBXFileReference; lastKnownFileType = text.plist.xml; path = "TrainingMemory-Info.plist"; sourceTree = "<group>"; };
		5EF6933917F74AEA0090B9FE /* en */ = {isa = PBXFileReference; lastKnownFileType = text.plist.strings; name = en; path = en.lproj/InfoPlist.strings; sourceTree = "<group>"; };
		5EF6933B17F74AEA0090B9FE /* main.m */ = {isa = PBXFileReference; lastKnownFileType = sourcecode.c.objc; path = main.m; sourceTree = "<group>"; };
		5EF6933D17F74AEA0090B9FE /* TrainingMemory-Prefix.pch */ = {isa = PBXFileReference; lastKnownFileType = sourcecode.c.h; path = "TrainingMemory-Prefix.pch"; sourceTree = "<group>"; };
		5EF6933E17F74AEA0090B9FE /* AppDelegate.h */ = {isa = PBXFileReference; lastKnownFileType = sourcecode.c.h; path = AppDelegate.h; sourceTree = "<group>"; };
		5EF6933F17F74AEA0090B9FE /* AppDelegate.m */ = {isa = PBXFileReference; lastKnownFileType = sourcecode.c.objc; path = AppDelegate.m; sourceTree = "<group>"; };
		5EF6934417F74AEA0090B9FE /* ViewController.h */ = {isa = PBXFileReference; lastKnownFileType = sourcecode.c.h; path = ViewController.h; sourceTree = "<group>"; };
		5EF6934517F74AEA0090B9FE /* ViewController.m */ = {isa = PBXFileReference; lastKnownFileType = sourcecode.c.objc; path = ViewController.m; sourceTree = "<group>"; };
		5EF6934717F74AEA0090B9FE /* Images.xcassets */ = {isa = PBXFileReference; lastKnownFileType = folder.assetcatalog; path = Images.xcassets; sourceTree = "<group>"; };
		5EF6934D17F74AEA0090B9FE /* TrainingMemoryTests.xctest */ = {isa = PBXFileReference; explicitFileType = wrapper.cfbundle; includeInIndex = 0; path = TrainingMemoryTests.xctest; sourceTree = BUILT_PRODUCTS_DIR; };
		5EF6934E17F74AEA0090B9FE /* XCTest.framework */ = {isa = PBXFileReference; lastKnownFileType = wrapper.framework; name = XCTest.framework; path = Library/Frameworks/XCTest.framework; sourceTree = DEVELOPER_DIR; };
		5EF6935617F74AEA0090B9FE /* TrainingMemoryTests-Info.plist */ = {isa = PBXFileReference; lastKnownFileType = text.plist.xml; path = "TrainingMemoryTests-Info.plist"; sourceTree = "<group>"; };
		5EF6935817F74AEA0090B9FE /* en */ = {isa = PBXFileReference; lastKnownFileType = text.plist.strings; name = en; path = en.lproj/InfoPlist.strings; sourceTree = "<group>"; };
		5EF6935A17F74AEA0090B9FE /* TrainingMemoryTests.m */ = {isa = PBXFileReference; lastKnownFileType = sourcecode.c.objc; path = TrainingMemoryTests.m; sourceTree = "<group>"; };
/* End PBXFileReference section */

/* Begin PBXFrameworksBuildPhase section */
		5EF6932917F74AEA0090B9FE /* Frameworks */ = {
			isa = PBXFrameworksBuildPhase;
			buildActionMask = 2147483647;
			files = (
				5EEEAED818034E20007A2BFE /* AVFoundation.framework in Frameworks */,
				5EEEAEC617FC8DC1007A2BFE /* QuartzCore.framework in Frameworks */,
				5EF6933217F74AEA0090B9FE /* CoreGraphics.framework in Frameworks */,
				5EF6933417F74AEA0090B9FE /* UIKit.framework in Frameworks */,
				5EF6933017F74AEA0090B9FE /* Foundation.framework in Frameworks */,
			);
			runOnlyForDeploymentPostprocessing = 0;
		};
		5EF6934A17F74AEA0090B9FE /* Frameworks */ = {
			isa = PBXFrameworksBuildPhase;
			buildActionMask = 2147483647;
			files = (
				5EF6934F17F74AEA0090B9FE /* XCTest.framework in Frameworks */,
				5EF6935117F74AEA0090B9FE /* UIKit.framework in Frameworks */,
				5EF6935017F74AEA0090B9FE /* Foundation.framework in Frameworks */,
			);
			runOnlyForDeploymentPostprocessing = 0;
		};
/* End PBXFrameworksBuildPhase section */

/* Begin PBXGroup section */
		5EF6932317F74AEA0090B9FE = {
			isa = PBXGroup;
			children = (
				5EF6933517F74AEA0090B9FE /* TrainingMemory */,
				5EF6935417F74AEA0090B9FE /* TrainingMemoryTests */,
				5EF6932E17F74AEA0090B9FE /* Frameworks */,
				5EF6932D17F74AEA0090B9FE /* Products */,
			);
			sourceTree = "<group>";
		};
		5EF6932D17F74AEA0090B9FE /* Products */ = {
			isa = PBXGroup;
			children = (
				5EF6932C17F74AEA0090B9FE /* TrainingMemory.app */,
				5EF6934D17F74AEA0090B9FE /* TrainingMemoryTests.xctest */,
			);
			name = Products;
			sourceTree = "<group>";
		};
		5EF6932E17F74AEA0090B9FE /* Frameworks */ = {
			isa = PBXGroup;
			children = (
				5EEEAED718034E20007A2BFE /* AVFoundation.framework */,
				5EEEAEC517FC8DC1007A2BFE /* QuartzCore.framework */,
				5EF6932F17F74AEA0090B9FE /* Foundation.framework */,
				5EF6933117F74AEA0090B9FE /* CoreGraphics.framework */,
				5EF6933317F74AEA0090B9FE /* UIKit.framework */,
				5EF6934E17F74AEA0090B9FE /* XCTest.framework */,
			);
			name = Frameworks;
			sourceTree = "<group>";
		};
		5EF6933517F74AEA0090B9FE /* TrainingMemory */ = {
			isa = PBXGroup;
			children = (
				5EF6933E17F74AEA0090B9FE /* AppDelegate.h */,
				5EF6933F17F74AEA0090B9FE /* AppDelegate.m */,
				5EF6934417F74AEA0090B9FE /* ViewController.h */,
				5EF6934517F74AEA0090B9FE /* ViewController.m */,
				5EF6934717F74AEA0090B9FE /* Images.xcassets */,
				5EF6933617F74AEA0090B9FE /* Supporting Files */,
			);
			path = TrainingMemory;
			sourceTree = "<group>";
		};
		5EF6933617F74AEA0090B9FE /* Supporting Files */ = {
			isa = PBXGroup;
			children = (
				5EEEAEDB1804565A007A2BFE /* soundFlip.mp3 */,
				5EEEAED918044A80007A2BFE /* MozCD5-01.mp3 */,
				5EEEAEC917FEE6C7007A2BFE /* card_top.png */,
				5EEEAECA17FEE6C7007A2BFE /* card1.png */,
				5EEEAECB17FEE6C7007A2BFE /* card2.png */,
				5EEEAECC17FEE6C7007A2BFE /* card3.png */,
				5EEEAECD17FEE6C7007A2BFE /* card4.png */,
				5EEEAECE17FEE6C7007A2BFE /* card6.png */,
				5EEEAECF17FEE6C7007A2BFE /* card5.png */,
				5EEEAEC717FC99E6007A2BFE /* bg01.png */,
				5EF6933717F74AEA0090B9FE /* TrainingMemory-Info.plist */,
				5EF6933817F74AEA0090B9FE /* InfoPlist.strings */,
				5EF6933B17F74AEA0090B9FE /* main.m */,
				5EF6933D17F74AEA0090B9FE /* TrainingMemory-Prefix.pch */,
			);
			name = "Supporting Files";
			sourceTree = "<group>";
		};
		5EF6935417F74AEA0090B9FE /* TrainingMemoryTests */ = {
			isa = PBXGroup;
			children = (
				5EF6935A17F74AEA0090B9FE /* TrainingMemoryTests.m */,
				5EF6935517F74AEA0090B9FE /* Supporting Files */,
			);
			path = TrainingMemoryTests;
			sourceTree = "<group>";
		};
		5EF6935517F74AEA0090B9FE /* Supporting Files */ = {
			isa = PBXGroup;
			children = (
				5EF6935617F74AEA0090B9FE /* TrainingMemoryTests-Info.plist */,
				5EF6935717F74AEA0090B9FE /* InfoPlist.strings */,
			);
			name = "Supporting Files";
			sourceTree = "<group>";
		};
/* End PBXGroup section */

/* Begin PBXNativeTarget section */
		5EF6932B17F74AEA0090B9FE /* TrainingMemory */ = {
			isa = PBXNativeTarget;
			buildConfigurationList = 5EF6935E17F74AEA0090B9FE /* Build configuration list for PBXNativeTarget "TrainingMemory" */;
			buildPhases = (
				5EF6932817F74AEA0090B9FE /* Sources */,
				5EF6932917F74AEA0090B9FE /* Frameworks */,
				5EF6932A17F74AEA0090B9FE /* Resources */,
			);
			buildRules = (
			);
			dependencies = (
			);
			name = TrainingMemory;
			productName = TrainingMemory;
			productReference = 5EF6932C17F74AEA0090B9FE /* TrainingMemory.app */;
			productType = "com.apple.product-type.application";
		};
		5EF6934C17F74AEA0090B9FE /* TrainingMemoryTests */ = {
			isa = PBXNativeTarget;
			buildConfigurationList = 5EF6936117F74AEA0090B9FE /* Build configuration list for PBXNativeTarget "TrainingMemoryTests" */;
			buildPhases = (
				5EF6934917F74AEA0090B9FE /* Sources */,
				5EF6934A17F74AEA0090B9FE /* Frameworks */,
				5EF6934B17F74AEA0090B9FE /* Resources */,
			);
			buildRules = (
			);
			dependencies = (
				5EF6935317F74AEA0090B9FE /* PBXTargetDependency */,
			);
			name = TrainingMemoryTests;
			productName = TrainingMemoryTests;
			productReference = 5EF6934D17F74AEA0090B9FE /* TrainingMemoryTests.xctest */;
			productType = "com.apple.product-type.bundle.unit-test";
		};
/* End PBXNativeTarget section */

/* Begin PBXProject section */
		5EF6932417F74AEA0090B9FE /* Project object */ = {
			isa = PBXProject;
			attributes = {
				LastUpgradeCheck = 0500;
				ORGANIZATIONNAME = FoceSystemSolution;
				TargetAttributes = {
					5EF6934C17F74AEA0090B9FE = {
						TestTargetID = 5EF6932B17F74AEA0090B9FE;
					};
				};
			};
			buildConfigurationList = 5EF6932717F74AEA0090B9FE /* Build configuration list for PBXProject "TrainingMemory" */;
			compatibilityVersion = "Xcode 3.2";
			developmentRegion = English;
			hasScannedForEncodings = 0;
			knownRegions = (
				en,
				Base,
			);
			mainGroup = 5EF6932317F74AEA0090B9FE;
			productRefGroup = 5EF6932D17F74AEA0090B9FE /* Products */;
			projectDirPath = "";
			projectRoot = "";
			targets = (
				5EF6932B17F74AEA0090B9FE /* TrainingMemory */,
				5EF6934C17F74AEA0090B9FE /* TrainingMemoryTests */,
			);
		};
/* End PBXProject section */

/* Begin PBXResourcesBuildPhase section */
		5EF6932A17F74AEA0090B9FE /* Resources */ = {
			isa = PBXResourcesBuildPhase;
			buildActionMask = 2147483647;
			files = (
				5EEEAED317FEE6C7007A2BFE /* card3.png in Resources */,
				5EF6934817F74AEA0090B9FE /* Images.xcassets in Resources */,
				5EEEAED417FEE6C7007A2BFE /* card4.png in Resources */,
				5EF6933A17F74AEA0090B9FE /* InfoPlist.strings in Resources */,
				5EEEAEC817FC99E6007A2BFE /* bg01.png in Resources */,
				5EEEAED617FEE6C7007A2BFE /* card5.png in Resources */,
				5EEEAED117FEE6C7007A2BFE /* card1.png in Resources */,
				5EEEAEDA18044A80007A2BFE /* MozCD5-01.mp3 in Resources */,
				5EEEAED217FEE6C7007A2BFE /* card2.png in Resources */,
				5EEEAED517FEE6C7007A2BFE /* card6.png in Resources */,
				5EEEAED017FEE6C7007A2BFE /* card_top.png in Resources */,
				5EEEAEDC1804565A007A2BFE /* soundFlip.mp3 in Resources */,
			);
			runOnlyForDeploymentPostprocessing = 0;
		};
		5EF6934B17F74AEA0090B9FE /* Resources */ = {
			isa = PBXResourcesBuildPhase;
			buildActionMask = 2147483647;
			files = (
				5EF6935917F74AEA0090B9FE /* InfoPlist.strings in Resources */,
			);
			runOnlyForDeploymentPostprocessing = 0;
		};
/* End PBXResourcesBuildPhase section */

/* Begin PBXSourcesBuildPhase section */
		5EF6932817F74AEA0090B9FE /* Sources */ = {
			isa = PBXSourcesBuildPhase;
			buildActionMask = 2147483647;
			files = (
				5EF6934617F74AEA0090B9FE /* ViewController.m in Sources */,
				5EF6934017F74AEA0090B9FE /* AppDelegate.m in Sources */,
				5EF6933C17F74AEA0090B9FE /* main.m in Sources */,
			);
			runOnlyForDeploymentPostprocessing = 0;
		};
		5EF6934917F74AEA0090B9FE /* Sources */ = {
			isa = PBXSourcesBuildPhase;
			buildActionMask = 2147483647;
			files = (
				5EF6935B17F74AEA0090B9FE /* TrainingMemoryTests.m in Sources */,
			);
			runOnlyForDeploymentPostprocessing = 0;
		};
/* End PBXSourcesBuildPhase section */

/* Begin PBXTargetDependency section */
		5EF6935317F74AEA0090B9FE /* PBXTargetDependency */ = {
			isa = PBXTargetDependency;
			target = 5EF6932B17F74AEA0090B9FE /* TrainingMemory */;
			targetProxy = 5EF6935217F74AEA0090B9FE /* PBXContainerItemProxy */;
		};
/* End PBXTargetDependency section */

/* Begin PBXVariantGroup section */
		5EF6933817F74AEA0090B9FE /* InfoPlist.strings */ = {
			isa = PBXVariantGroup;
			children = (
				5EF6933917F74AEA0090B9FE /* en */,
			);
			name = InfoPlist.strings;
			sourceTree = "<group>";
		};
		5EF6935717F74AEA0090B9FE /* InfoPlist.strings */ = {
			isa = PBXVariantGroup;
			children = (
				5EF6935817F74AEA0090B9FE /* en */,
			);
			name = InfoPlist.strings;
			sourceTree = "<group>";
		};
/* End PBXVariantGroup section */

/* Begin XCBuildConfiguration section */
		5EF6935C17F74AEA0090B9FE /* Debug */ = {
			isa = XCBuildConfiguration;
			buildSettings = {
				ALWAYS_SEARCH_USER_PATHS = NO;
				ARCHS = "$(ARCHS_STANDARD_INCLUDING_64_BIT)";
				CLANG_CXX_LANGUAGE_STANDARD = "gnu++0x";
				CLANG_CXX_LIBRARY = "libc++";
				CLANG_ENABLE_MODULES = YES;
				CLANG_ENABLE_OBJC_ARC = YES;
				CLANG_WARN_BOOL_CONVERSION = YES;
				CLANG_WARN_CONSTANT_CONVERSION = YES;
				CLANG_WARN_DIRECT_OBJC_ISA_USAGE = YES_ERROR;
				CLANG_WARN_EMPTY_BODY = YES;
				CLANG_WARN_ENUM_CONVERSION = YES;
				CLANG_WARN_INT_CONVERSION = YES;
				CLANG_WARN_OBJC_ROOT_CLASS = YES_ERROR;
				CLANG_WARN__DUPLICATE_METHOD_MATCH = YES;
				"CODE_SIGN_IDENTITY[sdk=iphoneos*]" = "iPhone Developer";
				COPY_PHASE_STRIP = NO;
				GCC_C_LANGUAGE_STANDARD = gnu99;
				GCC_DYNAMIC_NO_PIC = NO;
				GCC_OPTIMIZATION_LEVEL = 0;
				GCC_PREPROCESSOR_DEFINITIONS = (
					"DEBUG=1",
					"$(inherited)",
				);
				GCC_SYMBOLS_PRIVATE_EXTERN = NO;
				GCC_WARN_64_TO_32_BIT_CONVERSION = YES;
				GCC_WARN_ABOUT_RETURN_TYPE = YES_ERROR;
				GCC_WARN_UNDECLARED_SELECTOR = YES;
				GCC_WARN_UNINITIALIZED_AUTOS = YES;
				GCC_WARN_UNUSED_FUNCTION = YES;
				GCC_WARN_UNUSED_VARIABLE = YES;
				IPHONEOS_DEPLOYMENT_TARGET = 7.0;
				ONLY_ACTIVE_ARCH = YES;
				SDKROOT = iphoneos;
			};
			name = Debug;
		};
		5EF6935D17F74AEA0090B9FE /* Release */ = {
			isa = XCBuildConfiguration;
			buildSettings = {
				ALWAYS_SEARCH_USER_PATHS = NO;
				ARCHS = "$(ARCHS_STANDARD_INCLUDING_64_BIT)";
				CLANG_CXX_LANGUAGE_STANDARD = "gnu++0x";
				CLANG_CXX_LIBRARY = "libc++";
				CLANG_ENABLE_MODULES = YES;
				CLANG_ENABLE_OBJC_ARC = YES;
				CLANG_WARN_BOOL_CONVERSION = YES;
				CLANG_WARN_CONSTANT_CONVERSION = YES;
				CLANG_WARN_DIRECT_OBJC_ISA_USAGE = YES_ERROR;
				CLANG_WARN_EMPTY_BODY = YES;
				CLANG_WARN_ENUM_CONVERSION = YES;
				CLANG_WARN_INT_CONVERSION = YES;
				CLANG_WARN_OBJC_ROOT_CLASS = YES_ERROR;
				CLANG_WARN__DUPLICATE_METHOD_MATCH = YES;
				"CODE_SIGN_IDENTITY[sdk=iphoneos*]" = "iPhone Developer";
				COPY_PHASE_STRIP = YES;
				ENABLE_NS_ASSERTIONS = NO;
				GCC_C_LANGUAGE_STANDARD = gnu99;
				GCC_WARN_64_TO_32_BIT_CONVERSION = YES;
				GCC_WARN_ABOUT_RETURN_TYPE = YES_ERROR;
				GCC_WARN_UNDECLARED_SELECTOR = YES;
				GCC_WARN_UNINITIALIZED_AUTOS = YES;
				GCC_WARN_UNUSED_FUNCTION = YES;
				GCC_WARN_UNUSED_VARIABLE = YES;
				IPHONEOS_DEPLOYMENT_TARGET = 7.0;
				SDKROOT = iphoneos;
				VALIDATE_PRODUCT = YES;
			};
			name = Release;
		};
		5EF6935F17F74AEA0090B9FE /* Debug */ = {
			isa = XCBuildConfiguration;
			buildSettings = {
				ASSETCATALOG_COMPILER_APPICON_NAME = AppIcon;
				ASSETCATALOG_COMPILER_LAUNCHIMAGE_NAME = LaunchImage;
				GCC_PRECOMPILE_PREFIX_HEADER = YES;
				GCC_PREFIX_HEADER = "TrainingMemory/TrainingMemory-Prefix.pch";
				INFOPLIST_FILE = "TrainingMemory/TrainingMemory-Info.plist";
				IPHONEOS_DEPLOYMENT_TARGET = 7.0;
				PRODUCT_NAME = "$(TARGET_NAME)";
				WRAPPER_EXTENSION = app;
			};
			name = Debug;
		};
		5EF6936017F74AEA0090B9FE /* Release */ = {
			isa = XCBuildConfiguration;
			buildSettings = {
				ASSETCATALOG_COMPILER_APPICON_NAME = AppIcon;
				ASSETCATALOG_COMPILER_LAUNCHIMAGE_NAME = LaunchImage;
				GCC_PRECOMPILE_PREFIX_HEADER = YES;
				GCC_PREFIX_HEADER = "TrainingMemory/TrainingMemory-Prefix.pch";
				INFOPLIST_FILE = "TrainingMemory/TrainingMemory-Info.plist";
				IPHONEOS_DEPLOYMENT_TARGET = 7.0;
				PRODUCT_NAME = "$(TARGET_NAME)";
				WRAPPER_EXTENSION = app;
			};
			name = Release;
		};
		5EF6936217F74AEA0090B9FE /* Debug */ = {
			isa = XCBuildConfiguration;
			buildSettings = {
				ARCHS = "$(ARCHS_STANDARD_INCLUDING_64_BIT)";
				BUNDLE_LOADER = "$(BUILT_PRODUCTS_DIR)/TrainingMemory.app/TrainingMemory";
				FRAMEWORK_SEARCH_PATHS = (
					"$(SDKROOT)/Developer/Library/Frameworks",
					"$(inherited)",
					"$(DEVELOPER_FRAMEWORKS_DIR)",
				);
				GCC_PRECOMPILE_PREFIX_HEADER = YES;
				GCC_PREFIX_HEADER = "TrainingMemory/TrainingMemory-Prefix.pch";
				GCC_PREPROCESSOR_DEFINITIONS = (
					"DEBUG=1",
					"$(inherited)",
				);
				INFOPLIST_FILE = "TrainingMemoryTests/TrainingMemoryTests-Info.plist";
				PRODUCT_NAME = "$(TARGET_NAME)";
				TEST_HOST = "$(BUNDLE_LOADER)";
				WRAPPER_EXTENSION = xctest;
			};
			name = Debug;
		};
		5EF6936317F74AEA0090B9FE /* Release */ = {
			isa = XCBuildConfiguration;
			buildSettings = {
				ARCHS = "$(ARCHS_STANDARD_INCLUDING_64_BIT)";
				BUNDLE_LOADER = "$(BUILT_PRODUCTS_DIR)/TrainingMemory.app/TrainingMemory";
				FRAMEWORK_SEARCH_PATHS = (
					"$(SDKROOT)/Developer/Library/Frameworks",
					"$(inherited)",
					"$(DEVELOPER_FRAMEWORKS_DIR)",
				);
				GCC_PRECOMPILE_PREFIX_HEADER = YES;
				GCC_PREFIX_HEADER = "TrainingMemory/TrainingMemory-Prefix.pch";
				INFOPLIST_FILE = "TrainingMemoryTests/TrainingMemoryTests-Info.plist";
				PRODUCT_NAME = "$(TARGET_NAME)";
				TEST_HOST = "$(BUNDLE_LOADER)";
				WRAPPER_EXTENSION = xctest;
			};
			name = Release;
		};
/* End XCBuildConfiguration section */

/* Begin XCConfigurationList section */
		5EF6932717F74AEA0090B9FE /* Build configuration list for PBXProject "TrainingMemory" */ = {
			isa = XCConfigurationList;
			buildConfigurations = (
				5EF6935C17F74AEA0090B9FE /* Debug */,
				5EF6935D17F74AEA0090B9FE /* Release */,
			);
			defaultConfigurationIsVisible = 0;
			defaultConfigurationName = Release;
		};
		5EF6935E17F74AEA0090B9FE /* Build configuration list for PBXNativeTarget "TrainingMemory" */ = {
			isa = XCConfigurationList;
			buildConfigurations = (
				5EF6935F17F74AEA0090B9FE /* Debug */,
				5EF6936017F74AEA0090B9FE /* Release */,
			);
			defaultConfigurationIsVisible = 0;
			defaultConfigurationName = Release;
		};
		5EF6936117F74AEA0090B9FE /* Build configuration list for PBXNativeTarget "TrainingMemoryTests" */ = {
			isa = XCConfigurationList;
			buildConfigurations = (
				5EF6936217F74AEA0090B9FE /* Debug */,
				5EF6936317F74AEA0090B9FE /* Release */,
			);
			defaultConfigurationIsVisible = 0;
			defaultConfigurationName = Release;
		};
/* End XCConfigurationList section */
	};
	rootObject = 5EF6932417F74AEA0090B9FE /* Project object */;
}
